
Microsoft Visual Studio Solution File, Format Version 12.00

Project("{2150E333-8FDC-42A3-9474-1A3956D46DE8}") = "Editor", "Editor", "{934C6C40-0B53-4079-9C31-799473CD7FBE}"
EndProject
Project("{2150E333-8FDC-42A3-9474-1A3956D46DE8}") = "Engine", "Engine", "{BA30E43A-F056-4518-B36E-7EDC3257D154}"
EndProject
Project("{2150E333-8FDC-42A3-9474-1A3956D46DE8}") = "Platforms", "Platforms", "{3A4D0045-C8DC-4B36-9EFD-8569F23CC322}"
EndProject

Project("{FAE04EC0-301F-11D3-BF4B-00C04F79EFBC}") = "Editor", "Editor\Editor.csproj", "{92701832-D870-4C2A-8AFF-208AB77E24CC}"
EndProject
Project("{FAE04EC0-301F-11D3-BF4B-00C04F79EFBC}") = "Engine", "Engine\Engine.csproj", "{0E75345B-8878-4D02-A46F-991CE48D288B}"
EndProject
Project("{FAE04EC0-301F-11D3-BF4B-00C04F79EFBC}") = "Windows", "Platforms\Windows\Windows.csproj", "{8FC419D8-8C89-4D39-B34F-365D1E49BFC4}"
EndProject
Project("{FAE04EC0-301F-11D3-BF4B-00C04F79EFBC}") = "MacOS", "Platforms\MacOS\MacOS.csproj", "{89E2DE27-8D64-4072-8048-18F4C4B3BE48}"
EndProject
Project("{FAE04EC0-301F-11D3-BF4B-00C04F79EFBC}") = "Linux", "Platforms\Linux\Linux.csproj", "{B76FDF2B-FACC-473C-AEE7-3A72923AFBE6}"
EndProject

Global
	GlobalSection(SolutionConfigurationPlatforms) = preSolution
		Debug|Any CPU = Debug|Any CPU
		Release|Any CPU = Release|Any CPU
	EndGlobalSection
	GlobalSection(NestedProjects) = preSolution
		{0E75345B-8878-4D02-A46F-991CE48D288B} = {BA30E43A-F056-4518-B36E-7EDC3257D154}
		{8FC419D8-8C89-4D39-B34F-365D1E49BFC4} = {3A4D0045-C8DC-4B36-9EFD-8569F23CC322}
		{89E2DE27-8D64-4072-8048-18F4C4B3BE48} = {3A4D0045-C8DC-4B36-9EFD-8569F23CC322}
		{B76FDF2B-FACC-473C-AEE7-3A72923AFBE6} = {3A4D0045-C8DC-4B36-9EFD-8569F23CC322}
		{92701832-D870-4C2A-8AFF-208AB77E24CC} = {934C6C40-0B53-4079-9C31-799473CD7FBE}
	EndGlobalSection
	GlobalSection(ProjectConfigurationPlatforms) = postSolution
		{0E75345B-8878-4D02-A46F-991CE48D288B}.Debug|Any CPU.ActiveCfg = Debug|Any CPU
		{0E75345B-8878-4D02-A46F-991CE48D288B}.Debug|Any CPU.Build.0 = Debug|Any CPU
		{0E75345B-8878-4D02-A46F-991CE48D288B}.Release|Any CPU.ActiveCfg = Release|Any CPU
		{0E75345B-8878-4D02-A46F-991CE48D288B}.Release|Any CPU.Build.0 = Release|Any CPU
		{8FC419D8-8C89-4D39-B34F-365D1E49BFC4}.Debug|Any CPU.ActiveCfg = Debug|Any CPU
		{8FC419D8-8C89-4D39-B34F-365D1E49BFC4}.Debug|Any CPU.Build.0 = Debug|Any CPU
		{8FC419D8-8C89-4D39-B34F-365D1E49BFC4}.Release|Any CPU.ActiveCfg = Release|Any CPU
		{8FC419D8-8C89-4D39-B34F-365D1E49BFC4}.Release|Any CPU.Build.0 = Release|Any CPU
		{89E2DE27-8D64-4072-8048-18F4C4B3BE48}.Debug|Any CPU.ActiveCfg = Debug|Any CPU
		{89E2DE27-8D64-4072-8048-18F4C4B3BE48}.Debug|Any CPU.Build.0 = Debug|Any CPU
		{89E2DE27-8D64-4072-8048-18F4C4B3BE48}.Release|Any CPU.ActiveCfg = Release|Any CPU
		{89E2DE27-8D64-4072-8048-18F4C4B3BE48}.Release|Any CPU.Build.0 = Release|Any CPU
		{B76FDF2B-FACC-473C-AEE7-3A72923AFBE6}.Debug|Any CPU.ActiveCfg = Debug|Any CPU
		{B76FDF2B-FACC-473C-AEE7-3A72923AFBE6}.Debug|Any CPU.Build.0 = Debug|Any CPU
		{B76FDF2B-FACC-473C-AEE7-3A72923AFBE6}.Release|Any CPU.ActiveCfg = Release|Any CPU
		{B76FDF2B-FACC-473C-AEE7-3A72923AFBE6}.Release|Any CPU.Build.0 = Release|Any CPU
		{92701832-D870-4C2A-8AFF-208AB77E24CC}.Debug|Any CPU.ActiveCfg = Debug|Any CPU
		{92701832-D870-4C2A-8AFF-208AB77E24CC}.Debug|Any CPU.Build.0 = Debug|Any CPU
		{92701832-D870-4C2A-8AFF-208AB77E24CC}.Release|Any CPU.ActiveCfg = Release|Any CPU
		{92701832-D870-4C2A-8AFF-208AB77E24CC}.Release|Any CPU.Build.0 = Release|Any CPU
	EndGlobalSection
EndGlobal
